// !$*UTF8*$!
{
	archiveVersion = 1;
	classes = {
	};
	objectVersion = 48;
	objects = {

/* Begin PBXBuildFile section */
		9121FFAB1F0332A9007EB0CE /* AppDelegate.swift in Sources */ = {isa = PBXBuildFile; fileRef = 9121FFAA1F0332A9007EB0CE /* AppDelegate.swift */; };
		9121FFAD1F0332A9007EB0CE /* ViewController.swift in Sources */ = {isa = PBXBuildFile; fileRef = 9121FFAC1F0332A9007EB0CE /* ViewController.swift */; };
		9121FFB01F0332A9007EB0CE /* Main.storyboard in Resources */ = {isa = PBXBuildFile; fileRef = 9121FFAE1F0332A9007EB0CE /* Main.storyboard */; };
		9121FFB21F0332A9007EB0CE /* Assets.xcassets in Resources */ = {isa = PBXBuildFile; fileRef = 9121FFB11F0332A9007EB0CE /* Assets.xcassets */; };
		9121FFB51F0332A9007EB0CE /* LaunchScreen.storyboard in Resources */ = {isa = PBXBuildFile; fileRef = 9121FFB31F0332A9007EB0CE /* LaunchScreen.storyboard */; };
		9121FFBD1F0339C0007EB0CE /* art.scnassets in Resources */ = {isa = PBXBuildFile; fileRef = 9121FFBC1F0339BF007EB0CE /* art.scnassets */; };
		9121FFBF1F033A06007EB0CE /* SpaceShip.swift in Sources */ = {isa = PBXBuildFile; fileRef = 9121FFBE1F033A06007EB0CE /* SpaceShip.swift */; };
/* End PBXBuildFile section */

/* Begin PBXFileReference section */
		9121FFA71F0332A9007EB0CE /* ARKitGame.app */ = {isa = PBXFileReference; explicitFileType = wrapper.application; includeInIndex = 0; path = ARKitGame.app; sourceTree = BUILT_PRODUCTS_DIR; };
		9121FFAA1F0332A9007EB0CE /* AppDelegate.swift */ = {isa = PBXFileReference; lastKnownFileType = sourcecode.swift; path = AppDelegate.swift; sourceTree = "<group>"; };
		9121FFAC1F0332A9007EB0CE /* ViewController.swift */ = {isa = PBXFileReference; lastKnownFileType = sourcecode.swift; path = ViewController.swift; sourceTree = "<group>"; };
		9121FFAF1F0332A9007EB0CE /* Base */ = {isa = PBXFileReference; lastKnownFileType = file.storyboard; name = Base; path = Base.lproj/Main.storyboard; sourceTree = "<group>"; };
		9121FFB11F0332A9007EB0CE /* Assets.xcassets */ = {isa = PBXFileReference; lastKnownFileType = folder.assetcatalog; path = Assets.xcassets; sourceTree = "<group>"; };
		9121FFB41F0332A9007EB0CE /* Base */ = {isa = PBXFileReference; lastKnownFileType = file.storyboard; name = Base; path = Base.lproj/LaunchScreen.storyboard; sourceTree = "<group>"; };
		9121FFB61F0332A9007EB0CE /* Info.plist */ = {isa = PBXFileReference; lastKnownFileType = text.plist.xml; path = Info.plist; sourceTree = "<group>"; };
		9121FFBC1F0339BF007EB0CE /* art.scnassets */ = {isa = PBXFileReference; lastKnownFileType = wrapper.scnassets; name = art.scnassets; path = ../../../../Downloads/art.scnassets; sourceTree = "<group>"; };
		9121FFBE1F033A06007EB0CE /* SpaceShip.swift */ = {isa = PBXFileReference; lastKnownFileType = sourcecode.swift; path = SpaceShip.swift; sourceTree = "<group>"; };
/* End PBXFileReference section */

/* Begin PBXFrameworksBuildPhase section */
		9121FFA41F0332A9007EB0CE /* Frameworks */ = {
			isa = PBXFrameworksBuildPhase;
			buildActionMask = 2147483647;
			files = (
			);
			runOnlyForDeploymentPostprocessing = 0;
		};
/* End PBXFrameworksBuildPhase section */

/* Begin PBXGroup section */
		9121FF9E1F0332A9007EB0CE = {
			isa = PBXGroup;
			children = (
				9121FFA91F0332A9007EB0CE /* ARKitGame */,
				9121FFA81F0332A9007EB0CE /* Products */,
			);
			sourceTree = "<group>";
		};
		9121FFA81F0332A9007EB0CE /* Products */ = {
			isa = PBXGroup;
			children = (
				9121FFA71F0332A9007EB0CE /* ARKitGame.app */,
			);
			name = Products;
			sourceTree = "<group>";
		};
		9121FFA91F0332A9007EB0CE /* ARKitGame */ = {
			isa = PBXGroup;
			children = (
				9121FFAA1F0332A9007EB0CE /* AppDelegate.swift */,
				9121FFAC1F0332A9007EB0CE /* ViewController.swift */,
				9121FFBE1F033A06007EB0CE /* SpaceShip.swift */,
				9121FFBC1F0339BF007EB0CE /* art.scnassets */,
				9121FFAE1F0332A9007EB0CE /* Main.storyboard */,
				9121FFB11F0332A9007EB0CE /* Assets.xcassets */,
				9121FFB31F0332A9007EB0CE /* LaunchScreen.storyboard */,
				9121FFB61F0332A9007EB0CE /* Info.plist */,
			);
			path = ARKitGame;
			sourceTree = "<group>";
		};
/* End PBXGroup section */

/* Begin PBXNativeTarget section */
		9121FFA61F0332A9007EB0CE /* ARKitGame */ = {
			isa = PBXNativeTarget;
			buildConfigurationList = 9121FFB91F0332A9007EB0CE /* Build configuration list for PBXNativeTarget "ARKitGame" */;
			buildPhases = (
				9121FFA31F0332A9007EB0CE /* Sources */,
				9121FFA41F0332A9007EB0CE /* Frameworks */,
				9121FFA51F0332A9007EB0CE /* Resources */,
			);
			buildRules = (
			);
			dependencies = (
			);
			name = ARKitGame;
			productName = ARKitGame;
			productReference = 9121FFA71F0332A9007EB0CE /* ARKitGame.app */;
			productType = "com.apple.product-type.application";
		};
/* End PBXNativeTarget section */

/* Begin PBXProject section */
		9121FF9F1F0332A9007EB0CE /* Project object */ = {
			isa = PBXProject;
			attributes = {
				LastSwiftUpdateCheck = 0900;
				LastUpgradeCheck = 0900;
				ORGANIZATIONNAME = shibiao;
				TargetAttributes = {
					9121FFA61F0332A9007EB0CE = {
						CreatedOnToolsVersion = 9.0;
					};
				};
			};
			buildConfigurationList = 9121FFA21F0332A9007EB0CE /* Build configuration list for PBXProject "ARKitGame" */;
			compatibilityVersion = "Xcode 8.0";
			developmentRegion = en;
			hasScannedForEncodings = 0;
			knownRegions = (
				en,
				Base,
			);
			mainGroup = 9121FF9E1F0332A9007EB0CE;
			productRefGroup = 9121FFA81F0332A9007EB0CE /* Products */;
			projectDirPath = "";
			projectRoot = "";
			targets = (
				9121FFA61F0332A9007EB0CE /* ARKitGame */,
			);
		};
/* End PBXProject section */

/* Begin PBXResourcesBuildPhase section */
		9121FFA51F0332A9007EB0CE /* Resources */ = {
			isa = PBXResourcesBuildPhase;
			buildActionMask = 2147483647;
			files = (
				9121FFB51F0332A9007EB0CE /* LaunchScreen.storyboard in Resources */,
				9121FFBD1F0339C0007EB0CE /* art.scnassets in Resources */,
				9121FFB21F0332A9007EB0CE /* Assets.xcassets in Resources */,
				9121FFB01F0332A9007EB0CE /* Main.storyboard in Resources */,
			);
			runOnlyForDeploymentPostprocessing = 0;
		};
/* End PBXResourcesBuildPhase section */

/* Begin PBXSourcesBuildPhase section */
		9121FFA31F0332A9007EB0CE /* Sources */ = {
			isa = PBXSourcesBuildPhase;
			buildActionMask = 2147483647;
			files = (
				9121FFBF1F033A06007EB0CE /* SpaceShip.swift in Sources */,
				9121FFAD1F0332A9007EB0CE /* ViewController.swift in Sources */,
				9121FFAB1F0332A9007EB0CE /* AppDelegate.swift in Sources */,
			);
			runOnlyForDeploymentPostprocessing = 0;
		};
/* End PBXSourcesBuildPhase section */

/* Begin PBXVariantGroup section */
		9121FFAE1F0332A9007EB0CE /* Main.storyboard */ = {
			isa = PBXVariantGroup;
			children = (
				9121FFAF1F0332A9007EB0CE /* Base */,
			);
			name = Main.storyboard;
			sourceTree = "<group>";
		};
		9121FFB31F0332A9007EB0CE /* LaunchScreen.storyboard */ = {
			isa = PBXVariantGroup;
			children = (
				9121FFB41F0332A9007EB0CE /* Base */,
			);
			name = LaunchScreen.storyboard;
			sourceTree = "<group>";
		};
/* End PBXVariantGroup section */

/* Begin XCBuildConfiguration section */
		9121FFB71F0332A9007EB0CE /* Debug */ = {
			isa = XCBuildConfiguration;
			buildSettings = {
				ALWAYS_SEARCH_USER_PATHS = NO;
				CLANG_ANALYZER_NONNULL = YES;
				CLANG_ANALYZER_NUMBER_OBJECT_CONVERSION = YES_AGGRESSIVE;
				CLANG_CXX_LANGUAGE_STANDARD = "gnu++14";
				CLANG_CXX_LIBRARY = "libc++";
				CLANG_ENABLE_MODULES = YES;
				CLANG_ENABLE_OBJC_ARC = YES;
				CLANG_WARN_BLOCK_CAPTURE_AUTORELEASING = YES;
				CLANG_WARN_BOOL_CONVERSION = YES;
				CLANG_WARN_COMMA = YES;
				CLANG_WARN_CONSTANT_CONVERSION = YES;
				CLANG_WARN_DIRECT_OBJC_ISA_USAGE = YES_ERROR;
				CLANG_WARN_DOCUMENTATION_COMMENTS = YES;
				CLANG_WARN_EMPTY_BODY = YES;
				CLANG_WARN_ENUM_CONVERSION = YES;
				CLANG_WARN_INFINITE_RECURSION = YES;
				CLANG_WARN_INT_CONVERSION = YES;
				CLANG_WARN_OBJC_ROOT_CLASS = YES_ERROR;
				CLANG_WARN_RANGE_LOOP_ANALYSIS = YES;
				CLANG_WARN_STRICT_PROTOTYPES = YES;
				CLANG_WARN_SUSPICIOUS_MOVE = YES;
				CLANG_WARN_UNGUARDED_AVAILABILITY = YES_AGGRESSIVE;
				CLANG_WARN_UNREACHABLE_CODE = YES;
				CLANG_WARN__DUPLICATE_METHOD_MATCH = YES;
				CODE_SIGN_IDENTITY = "iPhone Developer";
				COPY_PHASE_STRIP = NO;
				DEBUG_INFORMATION_FORMAT = dwarf;
				ENABLE_STRICT_OBJC_MSGSEND = YES;
				ENABLE_TESTABILITY = YES;
				GCC_C_LANGUAGE_STANDARD = gnu11;
				GCC_DYNAMIC_NO_PIC = NO;
				GCC_NO_COMMON_BLOCKS = YES;
				GCC_OPTIMIZATION_LEVEL = 0;
				GCC_PREPROCESSOR_DEFINITIONS = (
					"DEBUG=1",
					"$(inherited)",
				);
				GCC_WARN_64_TO_32_BIT_CONVERSION = YES;
				GCC_WARN_ABOUT_RETURN_TYPE = YES_ERROR;
				GCC_WARN_UNDECLARED_SELECTOR = YES;
				GCC_WARN_UNINITIALIZED_AUTOS = YES_AGGRESSIVE;
				GCC_WARN_UNUSED_FUNCTION = YES;
				GCC_WARN_UNUSED_VARIABLE = YES;
				IPHONEOS_DEPLOYMENT_TARGET = 11.0;
				MTL_ENABLE_DEBUG_INFO = YES;
				ONLY_ACTIVE_ARCH = YES;
				SDKROOT = iphoneos;
				SWIFT_ACTIVE_COMPILATION_CONDITIONS = DEBUG;
				SWIFT_OPTIMIZATION_LEVEL = "-Onone";
			};
			name = Debug;
		};
		9121FFB81F0332A9007EB0CE /* Release */ = {
			isa = XCBuildConfiguration;
			buildSettings = {
				ALWAYS_SEARCH_USER_PATHS = NO;
				CLANG_ANALYZER_NONNULL = YES;
				CLANG_ANALYZER_NUMBER_OBJECT_CONVERSION = YES_AGGRESSIVE;
				CLANG_CXX_LANGUAGE_STANDARD = "gnu++14";
				CLANG_CXX_LIBRARY = "libc++";
				CLANG_ENABLE_MODULES = YES;
				CLANG_ENABLE_OBJC_ARC = YES;
				CLANG_WARN_BLOCK_CAPTURE_AUTORELEASING = YES;
				CLANG_WARN_BOOL_CONVERSION = YES;
				CLANG_WARN_COMMA = YES;
				CLANG_WARN_CONSTANT_CONVERSION = YES;
				CLANG_WARN_DIRECT_OBJC_ISA_USAGE = YES_ERROR;
				CLANG_WARN_DOCUMENTATION_COMMENTS = YES;
				CLANG_WARN_EMPTY_BODY = YES;
				CLANG_WARN_ENUM_CONVERSION = YES;
				CLANG_WARN_INFINITE_RECURSION = YES;
				CLANG_WARN_INT_CONVERSION = YES;
				CLANG_WARN_OBJC_ROOT_CLASS = YES_ERROR;
				CLANG_WARN_RANGE_LOOP_ANALYSIS = YES;
				CLANG_WARN_STRICT_PROTOTYPES = YES;
				CLANG_WARN_SUSPICIOUS_MOVE = YES;
				CLANG_WARN_UNGUARDED_AVAILABILITY = YES_AGGRESSIVE;
				CLANG_WARN_UNREACHABLE_CODE = YES;
				CLANG_WARN__DUPLICATE_METHOD_MATCH = YES;
				CODE_SIGN_IDENTITY = "iPhone Developer";
				COPY_PHASE_STRIP = NO;
				DEBUG_INFORMATION_FORMAT = "dwarf-with-dsym";
				ENABLE_NS_ASSERTIONS = NO;
				ENABLE_STRICT_OBJC_MSGSEND = YES;
				GCC_C_LANGUAGE_STANDARD = gnu11;
				GCC_NO_COMMON_BLOCKS = YES;
				GCC_WARN_64_TO_32_BIT_CONVERSION = YES;
				GCC_WARN_ABOUT_RETURN_TYPE = YES_ERROR;
				GCC_WARN_UNDECLARED_SELECTOR = YES;
				GCC_WARN_UNINITIALIZED_AUTOS = YES_AGGRESSIVE;
				GCC_WARN_UNUSED_FUNCTION = YES;
				GCC_WARN_UNUSED_VARIABLE = YES;
				IPHONEOS_DEPLOYMENT_TARGET = 11.0;
				MTL_ENABLE_DEBUG_INFO = NO;
				SDKROOT = iphoneos;
				SWIFT_OPTIMIZATION_LEVEL = "-Owholemodule";
				VALIDATE_PRODUCT = YES;
			};
			name = Release;
		};
		9121FFBA1F0332A9007EB0CE /* Debug */ = {
			isa = XCBuildConfiguration;
			buildSettings = {
				ASSETCATALOG_COMPILER_APPICON_NAME = AppIcon;
				DEVELOPMENT_TEAM = W547SRU75H;
				INFOPLIST_FILE = ARKitGame/Info.plist;
				LD_RUNPATH_SEARCH_PATHS = "$(inherited) @executable_path/Frameworks";
				PRODUCT_BUNDLE_IDENTIFIER = s.ARKitGame;
				PRODUCT_NAME = "$(TARGET_NAME)";
				SWIFT_VERSION = 4.0;
				TARGETED_DEVICE_FAMILY = "1,2";
			};
			name = Debug;
		};
		9121FFBB1F0332A9007EB0CE /* Release */ = {
			isa = XCBuildConfiguration;
			buildSettings = {
				ASSETCATALOG_COMPILER_APPICON_NAME = AppIcon;
				DEVELOPMENT_TEAM = W547SRU75H;
				INFOPLIST_FILE = ARKitGame/Info.plist;
				LD_RUNPATH_SEARCH_PATHS = "$(inherited) @executable_path/Frameworks";
				PRODUCT_BUNDLE_IDENTIFIER = s.ARKitGame;
				PRODUCT_NAME = "$(TARGET_NAME)";
				SWIFT_VERSION = 4.0;
				TARGETED_DEVICE_FAMILY = "1,2";
			};
			name = Release;
		};
/* End XCBuildConfiguration section */

/* Begin XCConfigurationList section */
		9121FFA21F0332A9007EB0CE /* Build configuration list for PBXProject "ARKitGame" */ = {
			isa = XCConfigurationList;
			buildConfigurations = (
				9121FFB71F0332A9007EB0CE /* Debug */,
				9121FFB81F0332A9007EB0CE /* Release */,
			);
			defaultConfigurationIsVisible = 0;
			defaultConfigurationName = Release;
		};
		9121FFB91F0332A9007EB0CE /* Build configuration list for PBXNativeTarget "ARKitGame" */ = {
			isa = XCConfigurationList;
			buildConfigurations = (
				9121FFBA1F0332A9007EB0CE /* Debug */,
				9121FFBB1F0332A9007EB0CE /* Release */,
			);
			defaultConfigurationIsVisible = 0;
		};
/* End XCConfigurationList section */
	};
	rootObject = 9121FF9F1F0332A9007EB0CE /* Project object */;
}
